// !$*UTF8*$!
{
	archiveVersion = 1;
	classes = {
	};
	objectVersion = 46;
	objects = {

/* Begin PBXBuildFile section */
		272BAFCC1D8F9E75008F26DD /* CommandPrompt.cpp in Sources */ = {isa = PBXBuildFile; fileRef = 272BAFCA1D8F9E75008F26DD /* CommandPrompt.cpp */; };
		272BAFCF1D8F9E91008F26DD /* CommandHandler.cpp in Sources */ = {isa = PBXBuildFile; fileRef = 272BAFCD1D8F9E91008F26DD /* CommandHandler.cpp */; };
		275F078C1D8F564300D67354 /* PCBHandler.cpp in Sources */ = {isa = PBXBuildFile; fileRef = 275F078A1D8F564300D67354 /* PCBHandler.cpp */; };
		27AEEF5D1D6FCCDB00C425B5 /* main.cpp in Sources */ = {isa = PBXBuildFile; fileRef = 27AEEF5C1D6FCCDB00C425B5 /* main.cpp */; };
		27AEEF6A1D707B9500C425B5 /* Interface.cpp in Sources */ = {isa = PBXBuildFile; fileRef = 27AEEF681D707B9500C425B5 /* Interface.cpp */; };
/* End PBXBuildFile section */

/* Begin PBXCopyFilesBuildPhase section */
		27AEEF571D6FCCDB00C425B5 /* CopyFiles */ = {
			isa = PBXCopyFilesBuildPhase;
			buildActionMask = 2147483647;
			dstPath = /usr/share/man/man1/;
			dstSubfolderSpec = 0;
			files = (
			);
			runOnlyForDeploymentPostprocessing = 1;
		};
/* End PBXCopyFilesBuildPhase section */

/* Begin PBXFileReference section */
		2711FFCA1D767D0D001361BB /* cmmdbatch.txt */ = {isa = PBXFileReference; fileEncoding = 4; lastKnownFileType = text; name = cmmdbatch.txt; path = OSSimulator/cmmdbatch.txt; sourceTree = "<group>"; };
		272BAFCA1D8F9E75008F26DD /* CommandPrompt.cpp */ = {isa = PBXFileReference; fileEncoding = 4; lastKnownFileType = sourcecode.cpp.cpp; path = CommandPrompt.cpp; sourceTree = "<group>"; };
		272BAFCB1D8F9E75008F26DD /* CommandPrompt.hpp */ = {isa = PBXFileReference; fileEncoding = 4; lastKnownFileType = sourcecode.cpp.h; path = CommandPrompt.hpp; sourceTree = "<group>"; };
		272BAFCD1D8F9E91008F26DD /* CommandHandler.cpp */ = {isa = PBXFileReference; fileEncoding = 4; lastKnownFileType = sourcecode.cpp.cpp; path = CommandHandler.cpp; sourceTree = "<group>"; };
		272BAFCE1D8F9E91008F26DD /* CommandHandler.hpp */ = {isa = PBXFileReference; fileEncoding = 4; lastKnownFileType = sourcecode.cpp.h; path = CommandHandler.hpp; sourceTree = "<group>"; };
		275F078A1D8F564300D67354 /* PCBHandler.cpp */ = {isa = PBXFileReference; fileEncoding = 4; lastKnownFileType = sourcecode.cpp.cpp; path = PCBHandler.cpp; sourceTree = "<group>"; };
		275F078B1D8F564300D67354 /* PCBHandler.hpp */ = {isa = PBXFileReference; fileEncoding = 4; lastKnownFileType = sourcecode.cpp.h; path = PCBHandler.hpp; sourceTree = "<group>"; };
		27AEEF591D6FCCDB00C425B5 /* OSSimulator */ = {isa = PBXFileReference; explicitFileType = "compiled.mach-o.executable"; includeInIndex = 0; path = OSSimulator; sourceTree = BUILT_PRODUCTS_DIR; };
		27AEEF5C1D6FCCDB00C425B5 /* main.cpp */ = {isa = PBXFileReference; lastKnownFileType = sourcecode.cpp.cpp; path = main.cpp; sourceTree = "<group>"; };
		27AEEF661D6FD55D00C425B5 /* cmmdlist.txt */ = {isa = PBXFileReference; fileEncoding = 4; lastKnownFileType = text; name = cmmdlist.txt; path = OSSimulator/cmmdlist.txt; sourceTree = "<group>"; };
		27AEEF681D707B9500C425B5 /* Interface.cpp */ = {isa = PBXFileReference; fileEncoding = 4; lastKnownFileType = sourcecode.cpp.cpp; path = Interface.cpp; sourceTree = "<group>"; };
		27AEEF691D707B9500C425B5 /* Interface.hpp */ = {isa = PBXFileReference; fileEncoding = 4; lastKnownFileType = sourcecode.cpp.h; path = Interface.hpp; sourceTree = "<group>"; };
/* End PBXFileReference section */

/* Begin PBXFrameworksBuildPhase section */
		27AEEF561D6FCCDB00C425B5 /* Frameworks */ = {
			isa = PBXFrameworksBuildPhase;
			buildActionMask = 2147483647;
			files = (
			);
			runOnlyForDeploymentPostprocessing = 0;
		};
/* End PBXFrameworksBuildPhase section */

/* Begin PBXGroup section */
		27AEEF501D6FCCDB00C425B5 = {
			isa = PBXGroup;
			children = (
				2711FFCA1D767D0D001361BB /* cmmdbatch.txt */,
				27AEEF661D6FD55D00C425B5 /* cmmdlist.txt */,
				27AEEF5B1D6FCCDB00C425B5 /* OSSimulator */,
				27AEEF5A1D6FCCDB00C425B5 /* Products */,
			);
			sourceTree = "<group>";
		};
		27AEEF5A1D6FCCDB00C425B5 /* Products */ = {
			isa = PBXGroup;
			children = (
				27AEEF591D6FCCDB00C425B5 /* OSSimulator */,
			);
			name = Products;
			sourceTree = "<group>";
		};
		27AEEF5B1D6FCCDB00C425B5 /* OSSimulator */ = {
			isa = PBXGroup;
			children = (
				27AEEF5C1D6FCCDB00C425B5 /* main.cpp */,
				272BAFCA1D8F9E75008F26DD /* CommandPrompt.cpp */,
				272BAFCB1D8F9E75008F26DD /* CommandPrompt.hpp */,
				272BAFCD1D8F9E91008F26DD /* CommandHandler.cpp */,
				272BAFCE1D8F9E91008F26DD /* CommandHandler.hpp */,
				27AEEF681D707B9500C425B5 /* Interface.cpp */,
				27AEEF691D707B9500C425B5 /* Interface.hpp */,
				275F078A1D8F564300D67354 /* PCBHandler.cpp */,
				275F078B1D8F564300D67354 /* PCBHandler.hpp */,
			);
			path = OSSimulator;
			sourceTree = "<group>";
		};
/* End PBXGroup section */

/* Begin PBXNativeTarget section */
		27AEEF581D6FCCDB00C425B5 /* OSSimulator */ = {
			isa = PBXNativeTarget;
			buildConfigurationList = 27AEEF601D6FCCDB00C425B5 /* Build configuration list for PBXNativeTarget "OSSimulator" */;
			buildPhases = (
				27AEEF551D6FCCDB00C425B5 /* Sources */,
				27AEEF561D6FCCDB00C425B5 /* Frameworks */,
				27AEEF571D6FCCDB00C425B5 /* CopyFiles */,
			);
			buildRules = (
			);
			dependencies = (
			);
			name = OSSimulator;
			productName = OSSimulator;
			productReference = 27AEEF591D6FCCDB00C425B5 /* OSSimulator */;
			productType = "com.apple.product-type.tool";
		};
/* End PBXNativeTarget section */

/* Begin PBXProject section */
		27AEEF511D6FCCDB00C425B5 /* Project object */ = {
			isa = PBXProject;
			attributes = {
				LastUpgradeCheck = 0730;
				ORGANIZATIONNAME = "Kyle Bludworth";
				TargetAttributes = {
					27AEEF581D6FCCDB00C425B5 = {
						CreatedOnToolsVersion = 7.3.1;
					};
				};
			};
			buildConfigurationList = 27AEEF541D6FCCDB00C425B5 /* Build configuration list for PBXProject "OSSimulator" */;
			compatibilityVersion = "Xcode 3.2";
			developmentRegion = English;
			hasScannedForEncodings = 0;
			knownRegions = (
				en,
			);
			mainGroup = 27AEEF501D6FCCDB00C425B5;
			productRefGroup = 27AEEF5A1D6FCCDB00C425B5 /* Products */;
			projectDirPath = "";
			projectRoot = "";
			targets = (
				27AEEF581D6FCCDB00C425B5 /* OSSimulator */,
			);
		};
/* End PBXProject section */

/* Begin PBXSourcesBuildPhase section */
		27AEEF551D6FCCDB00C425B5 /* Sources */ = {
			isa = PBXSourcesBuildPhase;
			buildActionMask = 2147483647;
			files = (
				275F078C1D8F564300D67354 /* PCBHandler.cpp in Sources */,
				27AEEF6A1D707B9500C425B5 /* Interface.cpp in Sources */,
				272BAFCF1D8F9E91008F26DD /* CommandHandler.cpp in Sources */,
				27AEEF5D1D6FCCDB00C425B5 /* main.cpp in Sources */,
				272BAFCC1D8F9E75008F26DD /* CommandPrompt.cpp in Sources */,
			);
			runOnlyForDeploymentPostprocessing = 0;
		};
/* End PBXSourcesBuildPhase section */

/* Begin XCBuildConfiguration section */
		27AEEF5E1D6FCCDB00C425B5 /* Debug */ = {
			isa = XCBuildConfiguration;
			buildSettings = {
				ALWAYS_SEARCH_USER_PATHS = NO;
				CLANG_ANALYZER_NONNULL = YES;
				CLANG_CXX_LANGUAGE_STANDARD = "gnu++0x";
				CLANG_CXX_LIBRARY = "libc++";
				CLANG_ENABLE_MODULES = YES;
				CLANG_ENABLE_OBJC_ARC = YES;
				CLANG_WARN_BOOL_CONVERSION = YES;
				CLANG_WARN_CONSTANT_CONVERSION = YES;
				CLANG_WARN_DIRECT_OBJC_ISA_USAGE = YES_ERROR;
				CLANG_WARN_EMPTY_BODY = YES;
				CLANG_WARN_ENUM_CONVERSION = YES;
				CLANG_WARN_INT_CONVERSION = YES;
				CLANG_WARN_OBJC_ROOT_CLASS = YES_ERROR;
				CLANG_WARN_UNREACHABLE_CODE = YES;
				CLANG_WARN__DUPLICATE_METHOD_MATCH = YES;
				CODE_SIGN_IDENTITY = "-";
				COPY_PHASE_STRIP = NO;
				DEBUG_INFORMATION_FORMAT = dwarf;
				ENABLE_STRICT_OBJC_MSGSEND = YES;
				ENABLE_TESTABILITY = YES;
				GCC_C_LANGUAGE_STANDARD = gnu99;
				GCC_DYNAMIC_NO_PIC = NO;
				GCC_NO_COMMON_BLOCKS = YES;
				GCC_OPTIMIZATION_LEVEL = 0;
				GCC_PREPROCESSOR_DEFINITIONS = (
					"DEBUG=1",
					"$(inherited)",
				);
				GCC_WARN_64_TO_32_BIT_CONVERSION = YES;
				GCC_WARN_ABOUT_RETURN_TYPE = YES_ERROR;
				GCC_WARN_UNDECLARED_SELECTOR = YES;
				GCC_WARN_UNINITIALIZED_AUTOS = YES_AGGRESSIVE;
				GCC_WARN_UNUSED_FUNCTION = YES;
				GCC_WARN_UNUSED_VARIABLE = YES;
				MACOSX_DEPLOYMENT_TARGET = 10.11;
				MTL_ENABLE_DEBUG_INFO = YES;
				ONLY_ACTIVE_ARCH = YES;
				SDKROOT = macosx;
			};
			name = Debug;
		};
		27AEEF5F1D6FCCDB00C425B5 /* Release */ = {
			isa = XCBuildConfiguration;
			buildSettings = {
				ALWAYS_SEARCH_USER_PATHS = NO;
				CLANG_ANALYZER_NONNULL = YES;
				CLANG_CXX_LANGUAGE_STANDARD = "gnu++0x";
				CLANG_CXX_LIBRARY = "libc++";
				CLANG_ENABLE_MODULES = YES;
				CLANG_ENABLE_OBJC_ARC = YES;
				CLANG_WARN_BOOL_CONVERSION = YES;
				CLANG_WARN_CONSTANT_CONVERSION = YES;
				CLANG_WARN_DIRECT_OBJC_ISA_USAGE = YES_ERROR;
				CLANG_WARN_EMPTY_BODY = YES;
				CLANG_WARN_ENUM_CONVERSION = YES;
				CLANG_WARN_INT_CONVERSION = YES;
				CLANG_WARN_OBJC_ROOT_CLASS = YES_ERROR;
				CLANG_WARN_UNREACHABLE_CODE = YES;
				CLANG_WARN__DUPLICATE_METHOD_MATCH = YES;
				CODE_SIGN_IDENTITY = "-";
				COPY_PHASE_STRIP = NO;
				DEBUG_INFORMATION_FORMAT = "dwarf-with-dsym";
				ENABLE_NS_ASSERTIONS = NO;
				ENABLE_STRICT_OBJC_MSGSEND = YES;
				GCC_C_LANGUAGE_STANDARD = gnu99;
				GCC_NO_COMMON_BLOCKS = YES;
				GCC_WARN_64_TO_32_BIT_CONVERSION = YES;
				GCC_WARN_ABOUT_RETURN_TYPE = YES_ERROR;
				GCC_WARN_UNDECLARED_SELECTOR = YES;
				GCC_WARN_UNINITIALIZED_AUTOS = YES_AGGRESSIVE;
				GCC_WARN_UNUSED_FUNCTION = YES;
				GCC_WARN_UNUSED_VARIABLE = YES;
				MACOSX_DEPLOYMENT_TARGET = 10.11;
				MTL_ENABLE_DEBUG_INFO = NO;
				SDKROOT = macosx;
			};
			name = Release;
		};
		27AEEF611D6FCCDB00C425B5 /* Debug */ = {
			isa = XCBuildConfiguration;
			buildSettings = {
				PRODUCT_NAME = "$(TARGET_NAME)";
			};
			name = Debug;
		};
		27AEEF621D6FCCDB00C425B5 /* Release */ = {
			isa = XCBuildConfiguration;
			buildSettings = {
				PRODUCT_NAME = "$(TARGET_NAME)";
			};
			name = Release;
		};
/* End XCBuildConfiguration section */

/* Begin XCConfigurationList section */
		27AEEF541D6FCCDB00C425B5 /* Build configuration list for PBXProject "OSSimulator" */ = {
			isa = XCConfigurationList;
			buildConfigurations = (
				27AEEF5E1D6FCCDB00C425B5 /* Debug */,
				27AEEF5F1D6FCCDB00C425B5 /* Release */,
			);
			defaultConfigurationIsVisible = 0;
			defaultConfigurationName = Release;
		};
		27AEEF601D6FCCDB00C425B5 /* Build configuration list for PBXNativeTarget "OSSimulator" */ = {
			isa = XCConfigurationList;
			buildConfigurations = (
				27AEEF611D6FCCDB00C425B5 /* Debug */,
				27AEEF621D6FCCDB00C425B5 /* Release */,
			);
			defaultConfigurationIsVisible = 0;
			defaultConfigurationName = Release;
		};
/* End XCConfigurationList section */
	};
	rootObject = 27AEEF511D6FCCDB00C425B5 /* Project object */;
}
